
Microsoft Visual Studio Solution File, Format Version 12.00
# Visual Studio Version 17
VisualStudioVersion = 17.0.32126.317
MinimumVisualStudioVersion = 10.0.40219.1
Project("{2150E333-8FDC-42A3-9474-1A3956D46DE8}") = "Pets", "Pets", "{BAEFBBE0-C4CB-4051-99BF-7F28347E4347}"
EndProject
Project("{9A19103F-16F7-4668-BE54-9A1E7A4F7556}") = "Pet.API", "Pet.API\Pet.API.csproj", "{CD0D1BB8-ACDF-412F-9526-9FF236856E59}"
EndProject
Project("{9A19103F-16F7-4668-BE54-9A1E7A4F7556}") = "Pet.Domain", "Pet.Domain\Pet.Domain.csproj", "{2A7259F3-CF97-4885-88AE-6ADE4909C6A8}"
EndProject
Project("{FAE04EC0-301F-11D3-BF4B-00C04F79EFBC}") = "Pet.Application", "Pet.Application\Pet.Application.csproj", "{5F67F29E-F357-49B2-BC1F-687B18FBB204}"
EndProject
Global
	GlobalSection(SolutionConfigurationPlatforms) = preSolution
		Debug|Any CPU = Debug|Any CPU
		Release|Any CPU = Release|Any CPU
	EndGlobalSection
	GlobalSection(ProjectConfigurationPlatforms) = postSolution
		{CD0D1BB8-ACDF-412F-9526-9FF236856E59}.Debug|Any CPU.ActiveCfg = Debug|Any CPU
		{CD0D1BB8-ACDF-412F-9526-9FF236856E59}.Debug|Any CPU.Build.0 = Debug|Any CPU
		{CD0D1BB8-ACDF-412F-9526-9FF236856E59}.Release|Any CPU.ActiveCfg = Release|Any CPU
		{CD0D1BB8-ACDF-412F-9526-9FF236856E59}.Release|Any CPU.Build.0 = Release|Any CPU
		{2A7259F3-CF97-4885-88AE-6ADE4909C6A8}.Debug|Any CPU.ActiveCfg = Debug|Any CPU
		{2A7259F3-CF97-4885-88AE-6ADE4909C6A8}.Debug|Any CPU.Build.0 = Debug|Any CPU
		{2A7259F3-CF97-4885-88AE-6ADE4909C6A8}.Release|Any CPU.ActiveCfg = Release|Any CPU
		{2A7259F3-CF97-4885-88AE-6ADE4909C6A8}.Release|Any CPU.Build.0 = Release|Any CPU
		{5F67F29E-F357-49B2-BC1F-687B18FBB204}.Debug|Any CPU.ActiveCfg = Debug|Any CPU
		{5F67F29E-F357-49B2-BC1F-687B18FBB204}.Debug|Any CPU.Build.0 = Debug|Any CPU
		{5F67F29E-F357-49B2-BC1F-687B18FBB204}.Release|Any CPU.ActiveCfg = Release|Any CPU
		{5F67F29E-F357-49B2-BC1F-687B18FBB204}.Release|Any CPU.Build.0 = Release|Any CPU
	EndGlobalSection
	GlobalSection(SolutionProperties) = preSolution
		HideSolutionNode = FALSE
	EndGlobalSection
	GlobalSection(NestedProjects) = preSolution
		{CD0D1BB8-ACDF-412F-9526-9FF236856E59} = {BAEFBBE0-C4CB-4051-99BF-7F28347E4347}
		{2A7259F3-CF97-4885-88AE-6ADE4909C6A8} = {BAEFBBE0-C4CB-4051-99BF-7F28347E4347}
		{5F67F29E-F357-49B2-BC1F-687B18FBB204} = {BAEFBBE0-C4CB-4051-99BF-7F28347E4347}
	EndGlobalSection
	GlobalSection(ExtensibilityGlobals) = postSolution
		SolutionGuid = {04A140B3-5C38-47B0-A347-D5673D3DA457}
	EndGlobalSection
EndGlobal
