
Microsoft Visual Studio Solution File, Format Version 12.00
# Visual Studio Version 17
VisualStudioVersion = 17.0.32126.317
MinimumVisualStudioVersion = 10.0.40219.1
Project("{9A19103F-16F7-4668-BE54-9A1E7A4F7556}") = "PetsApi", "PetsApi.csproj", "{DC522DC7-A30F-4E08-A387-3EC228B2ACF1}"
EndProject
Global
	GlobalSection(SolutionConfigurationPlatforms) = preSolution
		Debug|Any CPU = Debug|Any CPU
		Release|Any CPU = Release|Any CPU
	EndGlobalSection
	GlobalSection(ProjectConfigurationPlatforms) = postSolution
		{DC522DC7-A30F-4E08-A387-3EC228B2ACF1}.Debug|Any CPU.ActiveCfg = Debug|Any CPU
		{DC522DC7-A30F-4E08-A387-3EC228B2ACF1}.Debug|Any CPU.Build.0 = Debug|Any CPU
		{DC522DC7-A30F-4E08-A387-3EC228B2ACF1}.Release|Any CPU.ActiveCfg = Release|Any CPU
		{DC522DC7-A30F-4E08-A387-3EC228B2ACF1}.Release|Any CPU.Build.0 = Release|Any CPU
	EndGlobalSection
	GlobalSection(SolutionProperties) = preSolution
		HideSolutionNode = FALSE
	EndGlobalSection
	GlobalSection(ExtensibilityGlobals) = postSolution
		SolutionGuid = {36EC7C1D-984E-4521-84E2-DFC494FD4B02}
	EndGlobalSection
EndGlobal
